// !$*UTF8*$!
{
	archiveVersion = 1;
	classes = {
	};
	objectVersion = 55;
	objects = {

/* Begin PBXBuildFile section */
		0D5176FD283506E400CD55A2 /* AppDelegate.swift in Sources */ = {isa = PBXBuildFile; fileRef = 0D5176FC283506E400CD55A2 /* AppDelegate.swift */; };
		0D5176FF283506E400CD55A2 /* SceneDelegate.swift in Sources */ = {isa = PBXBuildFile; fileRef = 0D5176FE283506E400CD55A2 /* SceneDelegate.swift */; };
		0D517701283506E400CD55A2 /* ViewController.swift in Sources */ = {isa = PBXBuildFile; fileRef = 0D517700283506E400CD55A2 /* ViewController.swift */; };
		0D517704283506E400CD55A2 /* Main.storyboard in Resources */ = {isa = PBXBuildFile; fileRef = 0D517702283506E400CD55A2 /* Main.storyboard */; };
		0D517706283506E500CD55A2 /* Assets.xcassets in Resources */ = {isa = PBXBuildFile; fileRef = 0D517705283506E500CD55A2 /* Assets.xcassets */; };
		0D517709283506E500CD55A2 /* LaunchScreen.storyboard in Resources */ = {isa = PBXBuildFile; fileRef = 0D517707283506E500CD55A2 /* LaunchScreen.storyboard */; };
		0D517714283506E500CD55A2 /* iMusicTaskTests.swift in Sources */ = {isa = PBXBuildFile; fileRef = 0D517713283506E500CD55A2 /* iMusicTaskTests.swift */; };
		0D51771E283506E500CD55A2 /* iMusicTaskUITests.swift in Sources */ = {isa = PBXBuildFile; fileRef = 0D51771D283506E500CD55A2 /* iMusicTaskUITests.swift */; };
		0D517720283506E500CD55A2 /* iMusicTaskUITestsLaunchTests.swift in Sources */ = {isa = PBXBuildFile; fileRef = 0D51771F283506E500CD55A2 /* iMusicTaskUITestsLaunchTests.swift */; };
		0D51772E28350A9200CD55A2 /* Track.swift in Sources */ = {isa = PBXBuildFile; fileRef = 0D51772D28350A9200CD55A2 /* Track.swift */; };
		0D51772F28350A9200CD55A2 /* Track.swift in Sources */ = {isa = PBXBuildFile; fileRef = 0D51772D28350A9200CD55A2 /* Track.swift */; };
		0D51773228350BC100CD55A2 /* TrackViewModel.swift in Sources */ = {isa = PBXBuildFile; fileRef = 0D51773128350BC100CD55A2 /* TrackViewModel.swift */; };
		0D51773328350BC100CD55A2 /* TrackViewModel.swift in Sources */ = {isa = PBXBuildFile; fileRef = 0D51773128350BC100CD55A2 /* TrackViewModel.swift */; };
		0D51773528350CEC00CD55A2 /* TrackItemViewModel.swift in Sources */ = {isa = PBXBuildFile; fileRef = 0D51773428350CEC00CD55A2 /* TrackItemViewModel.swift */; };
		0D51773628350CEC00CD55A2 /* TrackItemViewModel.swift in Sources */ = {isa = PBXBuildFile; fileRef = 0D51773428350CEC00CD55A2 /* TrackItemViewModel.swift */; };
		0D51773928350F8900CD55A2 /* UpdateUIDelegate.swift in Sources */ = {isa = PBXBuildFile; fileRef = 0D51773828350F8900CD55A2 /* UpdateUIDelegate.swift */; };
		0D51773A28350F8900CD55A2 /* UpdateUIDelegate.swift in Sources */ = {isa = PBXBuildFile; fileRef = 0D51773828350F8900CD55A2 /* UpdateUIDelegate.swift */; };
		0D51773D2835105800CD55A2 /* APIService.swift in Sources */ = {isa = PBXBuildFile; fileRef = 0D51773C2835105800CD55A2 /* APIService.swift */; };
		0D51773E2835105800CD55A2 /* APIService.swift in Sources */ = {isa = PBXBuildFile; fileRef = 0D51773C2835105800CD55A2 /* APIService.swift */; };
		0D517740283511B400CD55A2 /* AppError.swift in Sources */ = {isa = PBXBuildFile; fileRef = 0D51773F283511B400CD55A2 /* AppError.swift */; };
		0D517741283511B400CD55A2 /* AppError.swift in Sources */ = {isa = PBXBuildFile; fileRef = 0D51773F283511B400CD55A2 /* AppError.swift */; };
		0D517743283653FB00CD55A2 /* HTTPRequest.swift in Sources */ = {isa = PBXBuildFile; fileRef = 0D517742283653FB00CD55A2 /* HTTPRequest.swift */; };
		0D517744283653FB00CD55A2 /* HTTPRequest.swift in Sources */ = {isa = PBXBuildFile; fileRef = 0D517742283653FB00CD55A2 /* HTTPRequest.swift */; };
		0D5177472836572800CD55A2 /* URLComponents+Extensions.swift in Sources */ = {isa = PBXBuildFile; fileRef = 0D5177462836572800CD55A2 /* URLComponents+Extensions.swift */; };
		0D5177482836572800CD55A2 /* URLComponents+Extensions.swift in Sources */ = {isa = PBXBuildFile; fileRef = 0D5177462836572800CD55A2 /* URLComponents+Extensions.swift */; };
		0D51774A28365E7C00CD55A2 /* User.swift in Sources */ = {isa = PBXBuildFile; fileRef = 0D51774928365E7C00CD55A2 /* User.swift */; };
		0D51774B28365E7C00CD55A2 /* User.swift in Sources */ = {isa = PBXBuildFile; fileRef = 0D51774928365E7C00CD55A2 /* User.swift */; };
		0D51774D28365EA600CD55A2 /* UserItemViewModel.swift in Sources */ = {isa = PBXBuildFile; fileRef = 0D51774C28365EA600CD55A2 /* UserItemViewModel.swift */; };
		0D51774E28365EA600CD55A2 /* UserItemViewModel.swift in Sources */ = {isa = PBXBuildFile; fileRef = 0D51774C28365EA600CD55A2 /* UserItemViewModel.swift */; };
		0D51775028365EDD00CD55A2 /* UserViewModel.swift in Sources */ = {isa = PBXBuildFile; fileRef = 0D51774F28365EDD00CD55A2 /* UserViewModel.swift */; };
		0D51775128365EDD00CD55A2 /* UserViewModel.swift in Sources */ = {isa = PBXBuildFile; fileRef = 0D51774F28365EDD00CD55A2 /* UserViewModel.swift */; };
		0D5177542836618B00CD55A2 /* LoginViewController.swift in Sources */ = {isa = PBXBuildFile; fileRef = 0D5177532836618B00CD55A2 /* LoginViewController.swift */; };
		0D5177552836618B00CD55A2 /* LoginViewController.swift in Sources */ = {isa = PBXBuildFile; fileRef = 0D5177532836618B00CD55A2 /* LoginViewController.swift */; };
		0D5177572836654000CD55A2 /* UIViewController+Extensions.swift in Sources */ = {isa = PBXBuildFile; fileRef = 0D5177562836654000CD55A2 /* UIViewController+Extensions.swift */; };
		0D5177582836654000CD55A2 /* UIViewController+Extensions.swift in Sources */ = {isa = PBXBuildFile; fileRef = 0D5177562836654000CD55A2 /* UIViewController+Extensions.swift */; };
		0D51775A28367CD200CD55A2 /* TracksTableViewController.swift in Sources */ = {isa = PBXBuildFile; fileRef = 0D51775928367CD200CD55A2 /* TracksTableViewController.swift */; };
		0D51775B28367CD200CD55A2 /* TracksTableViewController.swift in Sources */ = {isa = PBXBuildFile; fileRef = 0D51775928367CD200CD55A2 /* TracksTableViewController.swift */; };
		0D51775F28367EC600CD55A2 /* TrackTableViewCell.swift in Sources */ = {isa = PBXBuildFile; fileRef = 0D51775D28367EC600CD55A2 /* TrackTableViewCell.swift */; };
		0D51776028367EC600CD55A2 /* TrackTableViewCell.swift in Sources */ = {isa = PBXBuildFile; fileRef = 0D51775D28367EC600CD55A2 /* TrackTableViewCell.swift */; };
		0D51776128367EC600CD55A2 /* TrackTableViewCell.xib in Resources */ = {isa = PBXBuildFile; fileRef = 0D51775E28367EC600CD55A2 /* TrackTableViewCell.xib */; };
		0D51776228367EC600CD55A2 /* TrackTableViewCell.xib in Resources */ = {isa = PBXBuildFile; fileRef = 0D51775E28367EC600CD55A2 /* TrackTableViewCell.xib */; };
		0D5177642836812600CD55A2 /* ReusableIdentifier.swift in Sources */ = {isa = PBXBuildFile; fileRef = 0D5177632836812600CD55A2 /* ReusableIdentifier.swift */; };
		0D5177652836812600CD55A2 /* ReusableIdentifier.swift in Sources */ = {isa = PBXBuildFile; fileRef = 0D5177632836812600CD55A2 /* ReusableIdentifier.swift */; };
		0D5177672836814A00CD55A2 /* UITableViewCell+Extensions.swift in Sources */ = {isa = PBXBuildFile; fileRef = 0D5177662836814A00CD55A2 /* UITableViewCell+Extensions.swift */; };
		0D5177682836814A00CD55A2 /* UITableViewCell+Extensions.swift in Sources */ = {isa = PBXBuildFile; fileRef = 0D5177662836814A00CD55A2 /* UITableViewCell+Extensions.swift */; };
		0D51776A283686BA00CD55A2 /* Int+Extensions.swift in Sources */ = {isa = PBXBuildFile; fileRef = 0D517769283686BA00CD55A2 /* Int+Extensions.swift */; };
		0D51776B283686BA00CD55A2 /* Int+Extensions.swift in Sources */ = {isa = PBXBuildFile; fileRef = 0D517769283686BA00CD55A2 /* Int+Extensions.swift */; };
/* End PBXBuildFile section */

/* Begin PBXContainerItemProxy section */
		0D517710283506E500CD55A2 /* PBXContainerItemProxy */ = {
			isa = PBXContainerItemProxy;
			containerPortal = 0D5176F1283506E400CD55A2 /* Project object */;
			proxyType = 1;
			remoteGlobalIDString = 0D5176F8283506E400CD55A2;
			remoteInfo = iMusicTask;
		};
		0D51771A283506E500CD55A2 /* PBXContainerItemProxy */ = {
			isa = PBXContainerItemProxy;
			containerPortal = 0D5176F1283506E400CD55A2 /* Project object */;
			proxyType = 1;
			remoteGlobalIDString = 0D5176F8283506E400CD55A2;
			remoteInfo = iMusicTask;
		};
/* End PBXContainerItemProxy section */

/* Begin PBXFileReference section */
		0D5176F9283506E400CD55A2 /* iMusicTask.app */ = {isa = PBXFileReference; explicitFileType = wrapper.application; includeInIndex = 0; path = iMusicTask.app; sourceTree = BUILT_PRODUCTS_DIR; };
		0D5176FC283506E400CD55A2 /* AppDelegate.swift */ = {isa = PBXFileReference; lastKnownFileType = sourcecode.swift; path = AppDelegate.swift; sourceTree = "<group>"; };
		0D5176FE283506E400CD55A2 /* SceneDelegate.swift */ = {isa = PBXFileReference; lastKnownFileType = sourcecode.swift; path = SceneDelegate.swift; sourceTree = "<group>"; };
		0D517700283506E400CD55A2 /* ViewController.swift */ = {isa = PBXFileReference; lastKnownFileType = sourcecode.swift; path = ViewController.swift; sourceTree = "<group>"; };
		0D517703283506E400CD55A2 /* Base */ = {isa = PBXFileReference; lastKnownFileType = file.storyboard; name = Base; path = Base.lproj/Main.storyboard; sourceTree = "<group>"; };
		0D517705283506E500CD55A2 /* Assets.xcassets */ = {isa = PBXFileReference; lastKnownFileType = folder.assetcatalog; path = Assets.xcassets; sourceTree = "<group>"; };
		0D517708283506E500CD55A2 /* Base */ = {isa = PBXFileReference; lastKnownFileType = file.storyboard; name = Base; path = Base.lproj/LaunchScreen.storyboard; sourceTree = "<group>"; };
		0D51770A283506E500CD55A2 /* Info.plist */ = {isa = PBXFileReference; lastKnownFileType = text.plist.xml; path = Info.plist; sourceTree = "<group>"; };
		0D51770F283506E500CD55A2 /* iMusicTaskTests.xctest */ = {isa = PBXFileReference; explicitFileType = wrapper.cfbundle; includeInIndex = 0; path = iMusicTaskTests.xctest; sourceTree = BUILT_PRODUCTS_DIR; };
		0D517713283506E500CD55A2 /* iMusicTaskTests.swift */ = {isa = PBXFileReference; lastKnownFileType = sourcecode.swift; path = iMusicTaskTests.swift; sourceTree = "<group>"; };
		0D517719283506E500CD55A2 /* iMusicTaskUITests.xctest */ = {isa = PBXFileReference; explicitFileType = wrapper.cfbundle; includeInIndex = 0; path = iMusicTaskUITests.xctest; sourceTree = BUILT_PRODUCTS_DIR; };
		0D51771D283506E500CD55A2 /* iMusicTaskUITests.swift */ = {isa = PBXFileReference; lastKnownFileType = sourcecode.swift; path = iMusicTaskUITests.swift; sourceTree = "<group>"; };
		0D51771F283506E500CD55A2 /* iMusicTaskUITestsLaunchTests.swift */ = {isa = PBXFileReference; lastKnownFileType = sourcecode.swift; path = iMusicTaskUITestsLaunchTests.swift; sourceTree = "<group>"; };
		0D51772D28350A9200CD55A2 /* Track.swift */ = {isa = PBXFileReference; lastKnownFileType = sourcecode.swift; path = Track.swift; sourceTree = "<group>"; };
		0D51773128350BC100CD55A2 /* TrackViewModel.swift */ = {isa = PBXFileReference; lastKnownFileType = sourcecode.swift; path = TrackViewModel.swift; sourceTree = "<group>"; };
		0D51773428350CEC00CD55A2 /* TrackItemViewModel.swift */ = {isa = PBXFileReference; lastKnownFileType = sourcecode.swift; path = TrackItemViewModel.swift; sourceTree = "<group>"; };
		0D51773828350F8900CD55A2 /* UpdateUIDelegate.swift */ = {isa = PBXFileReference; lastKnownFileType = sourcecode.swift; path = UpdateUIDelegate.swift; sourceTree = "<group>"; };
		0D51773C2835105800CD55A2 /* APIService.swift */ = {isa = PBXFileReference; lastKnownFileType = sourcecode.swift; path = APIService.swift; sourceTree = "<group>"; };
		0D51773F283511B400CD55A2 /* AppError.swift */ = {isa = PBXFileReference; lastKnownFileType = sourcecode.swift; path = AppError.swift; sourceTree = "<group>"; };
		0D517742283653FB00CD55A2 /* HTTPRequest.swift */ = {isa = PBXFileReference; lastKnownFileType = sourcecode.swift; path = HTTPRequest.swift; sourceTree = "<group>"; };
		0D5177462836572800CD55A2 /* URLComponents+Extensions.swift */ = {isa = PBXFileReference; lastKnownFileType = sourcecode.swift; path = "URLComponents+Extensions.swift"; sourceTree = "<group>"; };
		0D51774928365E7C00CD55A2 /* User.swift */ = {isa = PBXFileReference; lastKnownFileType = sourcecode.swift; path = User.swift; sourceTree = "<group>"; };
		0D51774C28365EA600CD55A2 /* UserItemViewModel.swift */ = {isa = PBXFileReference; lastKnownFileType = sourcecode.swift; path = UserItemViewModel.swift; sourceTree = "<group>"; };
		0D51774F28365EDD00CD55A2 /* UserViewModel.swift */ = {isa = PBXFileReference; lastKnownFileType = sourcecode.swift; path = UserViewModel.swift; sourceTree = "<group>"; };
		0D5177532836618B00CD55A2 /* LoginViewController.swift */ = {isa = PBXFileReference; lastKnownFileType = sourcecode.swift; path = LoginViewController.swift; sourceTree = "<group>"; };
		0D5177562836654000CD55A2 /* UIViewController+Extensions.swift */ = {isa = PBXFileReference; lastKnownFileType = sourcecode.swift; path = "UIViewController+Extensions.swift"; sourceTree = "<group>"; };
		0D51775928367CD200CD55A2 /* TracksTableViewController.swift */ = {isa = PBXFileReference; lastKnownFileType = sourcecode.swift; path = TracksTableViewController.swift; sourceTree = "<group>"; };
		0D51775D28367EC600CD55A2 /* TrackTableViewCell.swift */ = {isa = PBXFileReference; lastKnownFileType = sourcecode.swift; path = TrackTableViewCell.swift; sourceTree = "<group>"; };
		0D51775E28367EC600CD55A2 /* TrackTableViewCell.xib */ = {isa = PBXFileReference; lastKnownFileType = file.xib; path = TrackTableViewCell.xib; sourceTree = "<group>"; };
		0D5177632836812600CD55A2 /* ReusableIdentifier.swift */ = {isa = PBXFileReference; lastKnownFileType = sourcecode.swift; path = ReusableIdentifier.swift; sourceTree = "<group>"; };
		0D5177662836814A00CD55A2 /* UITableViewCell+Extensions.swift */ = {isa = PBXFileReference; lastKnownFileType = sourcecode.swift; path = "UITableViewCell+Extensions.swift"; sourceTree = "<group>"; };
		0D517769283686BA00CD55A2 /* Int+Extensions.swift */ = {isa = PBXFileReference; lastKnownFileType = sourcecode.swift; path = "Int+Extensions.swift"; sourceTree = "<group>"; };
/* End PBXFileReference section */

/* Begin PBXFrameworksBuildPhase section */
		0D5176F6283506E400CD55A2 /* Frameworks */ = {
			isa = PBXFrameworksBuildPhase;
			buildActionMask = 2147483647;
			files = (
			);
			runOnlyForDeploymentPostprocessing = 0;
		};
		0D51770C283506E500CD55A2 /* Frameworks */ = {
			isa = PBXFrameworksBuildPhase;
			buildActionMask = 2147483647;
			files = (
			);
			runOnlyForDeploymentPostprocessing = 0;
		};
		0D517716283506E500CD55A2 /* Frameworks */ = {
			isa = PBXFrameworksBuildPhase;
			buildActionMask = 2147483647;
			files = (
			);
			runOnlyForDeploymentPostprocessing = 0;
		};
/* End PBXFrameworksBuildPhase section */

/* Begin PBXGroup section */
		0D5176F0283506E400CD55A2 = {
			isa = PBXGroup;
			children = (
				0D5176FB283506E400CD55A2 /* iMusicTask */,
				0D517712283506E500CD55A2 /* iMusicTaskTests */,
				0D51771C283506E500CD55A2 /* iMusicTaskUITests */,
				0D5176FA283506E400CD55A2 /* Products */,
			);
			sourceTree = "<group>";
		};
		0D5176FA283506E400CD55A2 /* Products */ = {
			isa = PBXGroup;
			children = (
				0D5176F9283506E400CD55A2 /* iMusicTask.app */,
				0D51770F283506E500CD55A2 /* iMusicTaskTests.xctest */,
				0D517719283506E500CD55A2 /* iMusicTaskUITests.xctest */,
			);
			name = Products;
			sourceTree = "<group>";
		};
		0D5176FB283506E400CD55A2 /* iMusicTask */ = {
			isa = PBXGroup;
			children = (
				0D5177452836571300CD55A2 /* Extensions */,
				0D51773728350F3400CD55A2 /* Protocols */,
				0D51772C28350A7500CD55A2 /* Models */,
				0D51773028350BAC00CD55A2 /* ViewModels */,
				0D5177522836616A00CD55A2 /* Views */,
				0D51773B2835104800CD55A2 /* Services */,
				0D5176FC283506E400CD55A2 /* AppDelegate.swift */,
				0D5176FE283506E400CD55A2 /* SceneDelegate.swift */,
				0D517700283506E400CD55A2 /* ViewController.swift */,
				0D517705283506E500CD55A2 /* Assets.xcassets */,
				0D517707283506E500CD55A2 /* LaunchScreen.storyboard */,
				0D51770A283506E500CD55A2 /* Info.plist */,
			);
			path = iMusicTask;
			sourceTree = "<group>";
		};
		0D517712283506E500CD55A2 /* iMusicTaskTests */ = {
			isa = PBXGroup;
			children = (
				0D517713283506E500CD55A2 /* iMusicTaskTests.swift */,
			);
			path = iMusicTaskTests;
			sourceTree = "<group>";
		};
		0D51771C283506E500CD55A2 /* iMusicTaskUITests */ = {
			isa = PBXGroup;
			children = (
				0D51771D283506E500CD55A2 /* iMusicTaskUITests.swift */,
				0D51771F283506E500CD55A2 /* iMusicTaskUITestsLaunchTests.swift */,
			);
			path = iMusicTaskUITests;
			sourceTree = "<group>";
		};
		0D51772C28350A7500CD55A2 /* Models */ = {
			isa = PBXGroup;
			children = (
				0D51772D28350A9200CD55A2 /* Track.swift */,
				0D51774928365E7C00CD55A2 /* User.swift */,
			);
			path = Models;
			sourceTree = "<group>";
		};
		0D51773028350BAC00CD55A2 /* ViewModels */ = {
			isa = PBXGroup;
			children = (
				0D51773428350CEC00CD55A2 /* TrackItemViewModel.swift */,
				0D51773128350BC100CD55A2 /* TrackViewModel.swift */,
				0D51774C28365EA600CD55A2 /* UserItemViewModel.swift */,
				0D51774F28365EDD00CD55A2 /* UserViewModel.swift */,
			);
			path = ViewModels;
			sourceTree = "<group>";
		};
		0D51773728350F3400CD55A2 /* Protocols */ = {
			isa = PBXGroup;
			children = (
				0D51773828350F8900CD55A2 /* UpdateUIDelegate.swift */,
				0D5177632836812600CD55A2 /* ReusableIdentifier.swift */,
			);
			path = Protocols;
			sourceTree = "<group>";
		};
		0D51773B2835104800CD55A2 /* Services */ = {
			isa = PBXGroup;
			children = (
				0D51773C2835105800CD55A2 /* APIService.swift */,
				0D517742283653FB00CD55A2 /* HTTPRequest.swift */,
				0D51773F283511B400CD55A2 /* AppError.swift */,
			);
			path = Services;
			sourceTree = "<group>";
		};
		0D5177452836571300CD55A2 /* Extensions */ = {
			isa = PBXGroup;
			children = (
				0D5177462836572800CD55A2 /* URLComponents+Extensions.swift */,
				0D5177562836654000CD55A2 /* UIViewController+Extensions.swift */,
				0D5177662836814A00CD55A2 /* UITableViewCell+Extensions.swift */,
				0D517769283686BA00CD55A2 /* Int+Extensions.swift */,
			);
			path = Extensions;
			sourceTree = "<group>";
		};
		0D5177522836616A00CD55A2 /* Views */ = {
			isa = PBXGroup;
			children = (
				0D51775C28367EA400CD55A2 /* Components */,
				0D517702283506E400CD55A2 /* Main.storyboard */,
				0D5177532836618B00CD55A2 /* LoginViewController.swift */,
				0D51775928367CD200CD55A2 /* TracksTableViewController.swift */,
			);
			path = Views;
			sourceTree = "<group>";
		};
		0D51775C28367EA400CD55A2 /* Components */ = {
			isa = PBXGroup;
			children = (
				0D51775D28367EC600CD55A2 /* TrackTableViewCell.swift */,
				0D51775E28367EC600CD55A2 /* TrackTableViewCell.xib */,
			);
			path = Components;
			sourceTree = "<group>";
		};
/* End PBXGroup section */

/* Begin PBXNativeTarget section */
		0D5176F8283506E400CD55A2 /* iMusicTask */ = {
			isa = PBXNativeTarget;
			buildConfigurationList = 0D517723283506E500CD55A2 /* Build configuration list for PBXNativeTarget "iMusicTask" */;
			buildPhases = (
				0D5176F5283506E400CD55A2 /* Sources */,
				0D5176F6283506E400CD55A2 /* Frameworks */,
				0D5176F7283506E400CD55A2 /* Resources */,
			);
			buildRules = (
			);
			dependencies = (
			);
			name = iMusicTask;
			productName = iMusicTask;
			productReference = 0D5176F9283506E400CD55A2 /* iMusicTask.app */;
			productType = "com.apple.product-type.application";
		};
		0D51770E283506E500CD55A2 /* iMusicTaskTests */ = {
			isa = PBXNativeTarget;
			buildConfigurationList = 0D517726283506E500CD55A2 /* Build configuration list for PBXNativeTarget "iMusicTaskTests" */;
			buildPhases = (
				0D51770B283506E500CD55A2 /* Sources */,
				0D51770C283506E500CD55A2 /* Frameworks */,
				0D51770D283506E500CD55A2 /* Resources */,
			);
			buildRules = (
			);
			dependencies = (
				0D517711283506E500CD55A2 /* PBXTargetDependency */,
			);
			name = iMusicTaskTests;
			productName = iMusicTaskTests;
			productReference = 0D51770F283506E500CD55A2 /* iMusicTaskTests.xctest */;
			productType = "com.apple.product-type.bundle.unit-test";
		};
		0D517718283506E500CD55A2 /* iMusicTaskUITests */ = {
			isa = PBXNativeTarget;
			buildConfigurationList = 0D517729283506E500CD55A2 /* Build configuration list for PBXNativeTarget "iMusicTaskUITests" */;
			buildPhases = (
				0D517715283506E500CD55A2 /* Sources */,
				0D517716283506E500CD55A2 /* Frameworks */,
				0D517717283506E500CD55A2 /* Resources */,
			);
			buildRules = (
			);
			dependencies = (
				0D51771B283506E500CD55A2 /* PBXTargetDependency */,
			);
			name = iMusicTaskUITests;
			productName = iMusicTaskUITests;
			productReference = 0D517719283506E500CD55A2 /* iMusicTaskUITests.xctest */;
			productType = "com.apple.product-type.bundle.ui-testing";
		};
/* End PBXNativeTarget section */

/* Begin PBXProject section */
		0D5176F1283506E400CD55A2 /* Project object */ = {
			isa = PBXProject;
			attributes = {
				BuildIndependentTargetsInParallel = 1;
				LastSwiftUpdateCheck = 1330;
				LastUpgradeCheck = 1330;
				TargetAttributes = {
					0D5176F8283506E400CD55A2 = {
						CreatedOnToolsVersion = 13.3;
					};
					0D51770E283506E500CD55A2 = {
						CreatedOnToolsVersion = 13.3;
						TestTargetID = 0D5176F8283506E400CD55A2;
					};
					0D517718283506E500CD55A2 = {
						CreatedOnToolsVersion = 13.3;
						TestTargetID = 0D5176F8283506E400CD55A2;
					};
				};
			};
			buildConfigurationList = 0D5176F4283506E400CD55A2 /* Build configuration list for PBXProject "iMusicTask" */;
			compatibilityVersion = "Xcode 13.0";
			developmentRegion = en;
			hasScannedForEncodings = 0;
			knownRegions = (
				en,
				Base,
			);
			mainGroup = 0D5176F0283506E400CD55A2;
			productRefGroup = 0D5176FA283506E400CD55A2 /* Products */;
			projectDirPath = "";
			projectRoot = "";
			targets = (
				0D5176F8283506E400CD55A2 /* iMusicTask */,
				0D51770E283506E500CD55A2 /* iMusicTaskTests */,
				0D517718283506E500CD55A2 /* iMusicTaskUITests */,
			);
		};
/* End PBXProject section */

/* Begin PBXResourcesBuildPhase section */
		0D5176F7283506E400CD55A2 /* Resources */ = {
			isa = PBXResourcesBuildPhase;
			buildActionMask = 2147483647;
			files = (
				0D517709283506E500CD55A2 /* LaunchScreen.storyboard in Resources */,
				0D517706283506E500CD55A2 /* Assets.xcassets in Resources */,
				0D517704283506E400CD55A2 /* Main.storyboard in Resources */,
				0D51776128367EC600CD55A2 /* TrackTableViewCell.xib in Resources */,
			);
			runOnlyForDeploymentPostprocessing = 0;
		};
		0D51770D283506E500CD55A2 /* Resources */ = {
			isa = PBXResourcesBuildPhase;
			buildActionMask = 2147483647;
			files = (
				0D51776228367EC600CD55A2 /* TrackTableViewCell.xib in Resources */,
			);
			runOnlyForDeploymentPostprocessing = 0;
		};
		0D517717283506E500CD55A2 /* Resources */ = {
			isa = PBXResourcesBuildPhase;
			buildActionMask = 2147483647;
			files = (
			);
			runOnlyForDeploymentPostprocessing = 0;
		};
/* End PBXResourcesBuildPhase section */

/* Begin PBXSourcesBuildPhase section */
		0D5176F5283506E400CD55A2 /* Sources */ = {
			isa = PBXSourcesBuildPhase;
			buildActionMask = 2147483647;
			files = (
				0D51774D28365EA600CD55A2 /* UserItemViewModel.swift in Sources */,
				0D517701283506E400CD55A2 /* ViewController.swift in Sources */,
				0D51773228350BC100CD55A2 /* TrackViewModel.swift in Sources */,
				0D5177542836618B00CD55A2 /* LoginViewController.swift in Sources */,
				0D5177472836572800CD55A2 /* URLComponents+Extensions.swift in Sources */,
				0D517740283511B400CD55A2 /* AppError.swift in Sources */,
				0D51775028365EDD00CD55A2 /* UserViewModel.swift in Sources */,
				0D51773928350F8900CD55A2 /* UpdateUIDelegate.swift in Sources */,
				0D5176FD283506E400CD55A2 /* AppDelegate.swift in Sources */,
				0D5177642836812600CD55A2 /* ReusableIdentifier.swift in Sources */,
				0D5176FF283506E400CD55A2 /* SceneDelegate.swift in Sources */,
				0D51772E28350A9200CD55A2 /* Track.swift in Sources */,
				0D51774A28365E7C00CD55A2 /* User.swift in Sources */,
				0D5177572836654000CD55A2 /* UIViewController+Extensions.swift in Sources */,
				0D51775F28367EC600CD55A2 /* TrackTableViewCell.swift in Sources */,
				0D517743283653FB00CD55A2 /* HTTPRequest.swift in Sources */,
				0D51773D2835105800CD55A2 /* APIService.swift in Sources */,
				0D51775A28367CD200CD55A2 /* TracksTableViewController.swift in Sources */,
				0D51776A283686BA00CD55A2 /* Int+Extensions.swift in Sources */,
				0D5177672836814A00CD55A2 /* UITableViewCell+Extensions.swift in Sources */,
				0D51773528350CEC00CD55A2 /* TrackItemViewModel.swift in Sources */,
			);
			runOnlyForDeploymentPostprocessing = 0;
		};
		0D51770B283506E500CD55A2 /* Sources */ = {
			isa = PBXSourcesBuildPhase;
			buildActionMask = 2147483647;
			files = (
				0D51773A28350F8900CD55A2 /* UpdateUIDelegate.swift in Sources */,
				0D51776B283686BA00CD55A2 /* Int+Extensions.swift in Sources */,
				0D51775128365EDD00CD55A2 /* UserViewModel.swift in Sources */,
				0D5177652836812600CD55A2 /* ReusableIdentifier.swift in Sources */,
				0D51773328350BC100CD55A2 /* TrackViewModel.swift in Sources */,
				0D5177482836572800CD55A2 /* URLComponents+Extensions.swift in Sources */,
				0D517714283506E500CD55A2 /* iMusicTaskTests.swift in Sources */,
				0D51772F28350A9200CD55A2 /* Track.swift in Sources */,
				0D51773E2835105800CD55A2 /* APIService.swift in Sources */,
				0D5177682836814A00CD55A2 /* UITableViewCell+Extensions.swift in Sources */,
				0D517744283653FB00CD55A2 /* HTTPRequest.swift in Sources */,
				0D51774E28365EA600CD55A2 /* UserItemViewModel.swift in Sources */,
				0D51773628350CEC00CD55A2 /* TrackItemViewModel.swift in Sources */,
				0D5177582836654000CD55A2 /* UIViewController+Extensions.swift in Sources */,
				0D51776028367EC600CD55A2 /* TrackTableViewCell.swift in Sources */,
				0D51774B28365E7C00CD55A2 /* User.swift in Sources */,
				0D5177552836618B00CD55A2 /* LoginViewController.swift in Sources */,
				0D51775B28367CD200CD55A2 /* TracksTableViewController.swift in Sources */,
				0D517741283511B400CD55A2 /* AppError.swift in Sources */,
			);
			runOnlyForDeploymentPostprocessing = 0;
		};
		0D517715283506E500CD55A2 /* Sources */ = {
			isa = PBXSourcesBuildPhase;
			buildActionMask = 2147483647;
			files = (
				0D51771E283506E500CD55A2 /* iMusicTaskUITests.swift in Sources */,
				0D517720283506E500CD55A2 /* iMusicTaskUITestsLaunchTests.swift in Sources */,
			);
			runOnlyForDeploymentPostprocessing = 0;
		};
/* End PBXSourcesBuildPhase section */

/* Begin PBXTargetDependency section */
		0D517711283506E500CD55A2 /* PBXTargetDependency */ = {
			isa = PBXTargetDependency;
			target = 0D5176F8283506E400CD55A2 /* iMusicTask */;
			targetProxy = 0D517710283506E500CD55A2 /* PBXContainerItemProxy */;
		};
		0D51771B283506E500CD55A2 /* PBXTargetDependency */ = {
			isa = PBXTargetDependency;
			target = 0D5176F8283506E400CD55A2 /* iMusicTask */;
			targetProxy = 0D51771A283506E500CD55A2 /* PBXContainerItemProxy */;
		};
/* End PBXTargetDependency section */

/* Begin PBXVariantGroup section */
		0D517702283506E400CD55A2 /* Main.storyboard */ = {
			isa = PBXVariantGroup;
			children = (
				0D517703283506E400CD55A2 /* Base */,
			);
			name = Main.storyboard;
			sourceTree = "<group>";
		};
		0D517707283506E500CD55A2 /* LaunchScreen.storyboard */ = {
			isa = PBXVariantGroup;
			children = (
				0D517708283506E500CD55A2 /* Base */,
			);
			name = LaunchScreen.storyboard;
			sourceTree = "<group>";
		};
/* End PBXVariantGroup section */

/* Begin XCBuildConfiguration section */
		0D517721283506E500CD55A2 /* Debug */ = {
			isa = XCBuildConfiguration;
			buildSettings = {
				ALWAYS_SEARCH_USER_PATHS = NO;
				CLANG_ANALYZER_NONNULL = YES;
				CLANG_ANALYZER_NUMBER_OBJECT_CONVERSION = YES_AGGRESSIVE;
				CLANG_CXX_LANGUAGE_STANDARD = "gnu++17";
				CLANG_ENABLE_MODULES = YES;
				CLANG_ENABLE_OBJC_ARC = YES;
				CLANG_ENABLE_OBJC_WEAK = YES;
				CLANG_WARN_BLOCK_CAPTURE_AUTORELEASING = YES;
				CLANG_WARN_BOOL_CONVERSION = YES;
				CLANG_WARN_COMMA = YES;
				CLANG_WARN_CONSTANT_CONVERSION = YES;
				CLANG_WARN_DEPRECATED_OBJC_IMPLEMENTATIONS = YES;
				CLANG_WARN_DIRECT_OBJC_ISA_USAGE = YES_ERROR;
				CLANG_WARN_DOCUMENTATION_COMMENTS = YES;
				CLANG_WARN_EMPTY_BODY = YES;
				CLANG_WARN_ENUM_CONVERSION = YES;
				CLANG_WARN_INFINITE_RECURSION = YES;
				CLANG_WARN_INT_CONVERSION = YES;
				CLANG_WARN_NON_LITERAL_NULL_CONVERSION = YES;
				CLANG_WARN_OBJC_IMPLICIT_RETAIN_SELF = YES;
				CLANG_WARN_OBJC_LITERAL_CONVERSION = YES;
				CLANG_WARN_OBJC_ROOT_CLASS = YES_ERROR;
				CLANG_WARN_QUOTED_INCLUDE_IN_FRAMEWORK_HEADER = YES;
				CLANG_WARN_RANGE_LOOP_ANALYSIS = YES;
				CLANG_WARN_STRICT_PROTOTYPES = YES;
				CLANG_WARN_SUSPICIOUS_MOVE = YES;
				CLANG_WARN_UNGUARDED_AVAILABILITY = YES_AGGRESSIVE;
				CLANG_WARN_UNREACHABLE_CODE = YES;
				CLANG_WARN__DUPLICATE_METHOD_MATCH = YES;
				COPY_PHASE_STRIP = NO;
				DEBUG_INFORMATION_FORMAT = dwarf;
				ENABLE_STRICT_OBJC_MSGSEND = YES;
				ENABLE_TESTABILITY = YES;
				GCC_C_LANGUAGE_STANDARD = gnu11;
				GCC_DYNAMIC_NO_PIC = NO;
				GCC_NO_COMMON_BLOCKS = YES;
				GCC_OPTIMIZATION_LEVEL = 0;
				GCC_PREPROCESSOR_DEFINITIONS = (
					"DEBUG=1",
					"$(inherited)",
				);
				GCC_WARN_64_TO_32_BIT_CONVERSION = YES;
				GCC_WARN_ABOUT_RETURN_TYPE = YES_ERROR;
				GCC_WARN_UNDECLARED_SELECTOR = YES;
				GCC_WARN_UNINITIALIZED_AUTOS = YES_AGGRESSIVE;
				GCC_WARN_UNUSED_FUNCTION = YES;
				GCC_WARN_UNUSED_VARIABLE = YES;
				IPHONEOS_DEPLOYMENT_TARGET = 15.4;
				MTL_ENABLE_DEBUG_INFO = INCLUDE_SOURCE;
				MTL_FAST_MATH = YES;
				ONLY_ACTIVE_ARCH = YES;
				SDKROOT = iphoneos;
				SWIFT_ACTIVE_COMPILATION_CONDITIONS = DEBUG;
				SWIFT_OPTIMIZATION_LEVEL = "-Onone";
			};
			name = Debug;
		};
		0D517722283506E500CD55A2 /* Release */ = {
			isa = XCBuildConfiguration;
			buildSettings = {
				ALWAYS_SEARCH_USER_PATHS = NO;
				CLANG_ANALYZER_NONNULL = YES;
				CLANG_ANALYZER_NUMBER_OBJECT_CONVERSION = YES_AGGRESSIVE;
				CLANG_CXX_LANGUAGE_STANDARD = "gnu++17";
				CLANG_ENABLE_MODULES = YES;
				CLANG_ENABLE_OBJC_ARC = YES;
				CLANG_ENABLE_OBJC_WEAK = YES;
				CLANG_WARN_BLOCK_CAPTURE_AUTORELEASING = YES;
				CLANG_WARN_BOOL_CONVERSION = YES;
				CLANG_WARN_COMMA = YES;
				CLANG_WARN_CONSTANT_CONVERSION = YES;
				CLANG_WARN_DEPRECATED_OBJC_IMPLEMENTATIONS = YES;
				CLANG_WARN_DIRECT_OBJC_ISA_USAGE = YES_ERROR;
				CLANG_WARN_DOCUMENTATION_COMMENTS = YES;
				CLANG_WARN_EMPTY_BODY = YES;
				CLANG_WARN_ENUM_CONVERSION = YES;
				CLANG_WARN_INFINITE_RECURSION = YES;
				CLANG_WARN_INT_CONVERSION = YES;
				CLANG_WARN_NON_LITERAL_NULL_CONVERSION = YES;
				CLANG_WARN_OBJC_IMPLICIT_RETAIN_SELF = YES;
				CLANG_WARN_OBJC_LITERAL_CONVERSION = YES;
				CLANG_WARN_OBJC_ROOT_CLASS = YES_ERROR;
				CLANG_WARN_QUOTED_INCLUDE_IN_FRAMEWORK_HEADER = YES;
				CLANG_WARN_RANGE_LOOP_ANALYSIS = YES;
				CLANG_WARN_STRICT_PROTOTYPES = YES;
				CLANG_WARN_SUSPICIOUS_MOVE = YES;
				CLANG_WARN_UNGUARDED_AVAILABILITY = YES_AGGRESSIVE;
				CLANG_WARN_UNREACHABLE_CODE = YES;
				CLANG_WARN__DUPLICATE_METHOD_MATCH = YES;
				COPY_PHASE_STRIP = NO;
				DEBUG_INFORMATION_FORMAT = "dwarf-with-dsym";
				ENABLE_NS_ASSERTIONS = NO;
				ENABLE_STRICT_OBJC_MSGSEND = YES;
				GCC_C_LANGUAGE_STANDARD = gnu11;
				GCC_NO_COMMON_BLOCKS = YES;
				GCC_WARN_64_TO_32_BIT_CONVERSION = YES;
				GCC_WARN_ABOUT_RETURN_TYPE = YES_ERROR;
				GCC_WARN_UNDECLARED_SELECTOR = YES;
				GCC_WARN_UNINITIALIZED_AUTOS = YES_AGGRESSIVE;
				GCC_WARN_UNUSED_FUNCTION = YES;
				GCC_WARN_UNUSED_VARIABLE = YES;
				IPHONEOS_DEPLOYMENT_TARGET = 15.4;
				MTL_ENABLE_DEBUG_INFO = NO;
				MTL_FAST_MATH = YES;
				SDKROOT = iphoneos;
				SWIFT_COMPILATION_MODE = wholemodule;
				SWIFT_OPTIMIZATION_LEVEL = "-O";
				VALIDATE_PRODUCT = YES;
			};
			name = Release;
		};
		0D517724283506E500CD55A2 /* Debug */ = {
			isa = XCBuildConfiguration;
			buildSettings = {
				ASSETCATALOG_COMPILER_APPICON_NAME = AppIcon;
				ASSETCATALOG_COMPILER_GLOBAL_ACCENT_COLOR_NAME = AccentColor;
				CODE_SIGN_STYLE = Automatic;
				CURRENT_PROJECT_VERSION = 1;
				DEVELOPMENT_TEAM = RG95S3YQVK;
				GENERATE_INFOPLIST_FILE = YES;
				INFOPLIST_FILE = iMusicTask/Info.plist;
				INFOPLIST_KEY_UIApplicationSupportsIndirectInputEvents = YES;
				INFOPLIST_KEY_UILaunchStoryboardName = LaunchScreen;
				INFOPLIST_KEY_UIMainStoryboardFile = Main;
				INFOPLIST_KEY_UISupportedInterfaceOrientations_iPad = "UIInterfaceOrientationPortrait UIInterfaceOrientationPortraitUpsideDown UIInterfaceOrientationLandscapeLeft UIInterfaceOrientationLandscapeRight";
				INFOPLIST_KEY_UISupportedInterfaceOrientations_iPhone = "UIInterfaceOrientationPortrait UIInterfaceOrientationLandscapeLeft UIInterfaceOrientationLandscapeRight";
				LD_RUNPATH_SEARCH_PATHS = (
					"$(inherited)",
					"@executable_path/Frameworks",
				);
				MARKETING_VERSION = 1.0;
				PRODUCT_BUNDLE_IDENTIFIER = com.vahehakobyan.iMusicTask;
				PRODUCT_NAME = "$(TARGET_NAME)";
				SWIFT_EMIT_LOC_STRINGS = YES;
				SWIFT_VERSION = 5.0;
				TARGETED_DEVICE_FAMILY = "1,2";
			};
			name = Debug;
		};
		0D517725283506E500CD55A2 /* Release */ = {
			isa = XCBuildConfiguration;
			buildSettings = {
				ASSETCATALOG_COMPILER_APPICON_NAME = AppIcon;
				ASSETCATALOG_COMPILER_GLOBAL_ACCENT_COLOR_NAME = AccentColor;
				CODE_SIGN_STYLE = Automatic;
				CURRENT_PROJECT_VERSION = 1;
				DEVELOPMENT_TEAM = RG95S3YQVK;
				GENERATE_INFOPLIST_FILE = YES;
				INFOPLIST_FILE = iMusicTask/Info.plist;
				INFOPLIST_KEY_UIApplicationSupportsIndirectInputEvents = YES;
				INFOPLIST_KEY_UILaunchStoryboardName = LaunchScreen;
				INFOPLIST_KEY_UIMainStoryboardFile = Main;
				INFOPLIST_KEY_UISupportedInterfaceOrientations_iPad = "UIInterfaceOrientationPortrait UIInterfaceOrientationPortraitUpsideDown UIInterfaceOrientationLandscapeLeft UIInterfaceOrientationLandscapeRight";
				INFOPLIST_KEY_UISupportedInterfaceOrientations_iPhone = "UIInterfaceOrientationPortrait UIInterfaceOrientationLandscapeLeft UIInterfaceOrientationLandscapeRight";
				LD_RUNPATH_SEARCH_PATHS = (
					"$(inherited)",
					"@executable_path/Frameworks",
				);
				MARKETING_VERSION = 1.0;
				PRODUCT_BUNDLE_IDENTIFIER = com.vahehakobyan.iMusicTask;
				PRODUCT_NAME = "$(TARGET_NAME)";
				SWIFT_EMIT_LOC_STRINGS = YES;
				SWIFT_VERSION = 5.0;
				TARGETED_DEVICE_FAMILY = "1,2";
			};
			name = Release;
		};
		0D517727283506E500CD55A2 /* Debug */ = {
			isa = XCBuildConfiguration;
			buildSettings = {
				ALWAYS_EMBED_SWIFT_STANDARD_LIBRARIES = YES;
				BUNDLE_LOADER = "$(TEST_HOST)";
				CODE_SIGN_STYLE = Automatic;
				CURRENT_PROJECT_VERSION = 1;
				DEVELOPMENT_TEAM = RG95S3YQVK;
				GENERATE_INFOPLIST_FILE = YES;
				IPHONEOS_DEPLOYMENT_TARGET = 15.4;
				MARKETING_VERSION = 1.0;
				PRODUCT_BUNDLE_IDENTIFIER = com.vahehakobyan.iMusicTask.iMusicTaskTests;
				PRODUCT_NAME = "$(TARGET_NAME)";
				SWIFT_EMIT_LOC_STRINGS = NO;
				SWIFT_VERSION = 5.0;
				TARGETED_DEVICE_FAMILY = "1,2";
				TEST_HOST = "$(BUILT_PRODUCTS_DIR)/iMusicTask.app/iMusicTask";
			};
			name = Debug;
		};
		0D517728283506E500CD55A2 /* Release */ = {
			isa = XCBuildConfiguration;
			buildSettings = {
				ALWAYS_EMBED_SWIFT_STANDARD_LIBRARIES = YES;
				BUNDLE_LOADER = "$(TEST_HOST)";
				CODE_SIGN_STYLE = Automatic;
				CURRENT_PROJECT_VERSION = 1;
				DEVELOPMENT_TEAM = RG95S3YQVK;
				GENERATE_INFOPLIST_FILE = YES;
				IPHONEOS_DEPLOYMENT_TARGET = 15.4;
				MARKETING_VERSION = 1.0;
				PRODUCT_BUNDLE_IDENTIFIER = com.vahehakobyan.iMusicTask.iMusicTaskTests;
				PRODUCT_NAME = "$(TARGET_NAME)";
				SWIFT_EMIT_LOC_STRINGS = NO;
				SWIFT_VERSION = 5.0;
				TARGETED_DEVICE_FAMILY = "1,2";
				TEST_HOST = "$(BUILT_PRODUCTS_DIR)/iMusicTask.app/iMusicTask";
			};
			name = Release;
		};
		0D51772A283506E500CD55A2 /* Debug */ = {
			isa = XCBuildConfiguration;
			buildSettings = {
				ALWAYS_EMBED_SWIFT_STANDARD_LIBRARIES = YES;
				CODE_SIGN_STYLE = Automatic;
				CURRENT_PROJECT_VERSION = 1;
				DEVELOPMENT_TEAM = RG95S3YQVK;
				GENERATE_INFOPLIST_FILE = YES;
				MARKETING_VERSION = 1.0;
				PRODUCT_BUNDLE_IDENTIFIER = com.vahehakobyan.iMusicTask.iMusicTaskUITests;
				PRODUCT_NAME = "$(TARGET_NAME)";
				SWIFT_EMIT_LOC_STRINGS = NO;
				SWIFT_VERSION = 5.0;
				TARGETED_DEVICE_FAMILY = "1,2";
				TEST_TARGET_NAME = iMusicTask;
			};
			name = Debug;
		};
		0D51772B283506E500CD55A2 /* Release */ = {
			isa = XCBuildConfiguration;
			buildSettings = {
				ALWAYS_EMBED_SWIFT_STANDARD_LIBRARIES = YES;
				CODE_SIGN_STYLE = Automatic;
				CURRENT_PROJECT_VERSION = 1;
				DEVELOPMENT_TEAM = RG95S3YQVK;
				GENERATE_INFOPLIST_FILE = YES;
				MARKETING_VERSION = 1.0;
				PRODUCT_BUNDLE_IDENTIFIER = com.vahehakobyan.iMusicTask.iMusicTaskUITests;
				PRODUCT_NAME = "$(TARGET_NAME)";
				SWIFT_EMIT_LOC_STRINGS = NO;
				SWIFT_VERSION = 5.0;
				TARGETED_DEVICE_FAMILY = "1,2";
				TEST_TARGET_NAME = iMusicTask;
			};
			name = Release;
		};
/* End XCBuildConfiguration section */

/* Begin XCConfigurationList section */
		0D5176F4283506E400CD55A2 /* Build configuration list for PBXProject "iMusicTask" */ = {
			isa = XCConfigurationList;
			buildConfigurations = (
				0D517721283506E500CD55A2 /* Debug */,
				0D517722283506E500CD55A2 /* Release */,
			);
			defaultConfigurationIsVisible = 0;
			defaultConfigurationName = Release;
		};
		0D517723283506E500CD55A2 /* Build configuration list for PBXNativeTarget "iMusicTask" */ = {
			isa = XCConfigurationList;
			buildConfigurations = (
				0D517724283506E500CD55A2 /* Debug */,
				0D517725283506E500CD55A2 /* Release */,
			);
			defaultConfigurationIsVisible = 0;
			defaultConfigurationName = Release;
		};
		0D517726283506E500CD55A2 /* Build configuration list for PBXNativeTarget "iMusicTaskTests" */ = {
			isa = XCConfigurationList;
			buildConfigurations = (
				0D517727283506E500CD55A2 /* Debug */,
				0D517728283506E500CD55A2 /* Release */,
			);
			defaultConfigurationIsVisible = 0;
			defaultConfigurationName = Release;
		};
		0D517729283506E500CD55A2 /* Build configuration list for PBXNativeTarget "iMusicTaskUITests" */ = {
			isa = XCConfigurationList;
			buildConfigurations = (
				0D51772A283506E500CD55A2 /* Debug */,
				0D51772B283506E500CD55A2 /* Release */,
			);
			defaultConfigurationIsVisible = 0;
			defaultConfigurationName = Release;
		};
/* End XCConfigurationList section */
	};
	rootObject = 0D5176F1283506E400CD55A2 /* Project object */;
}
